
Microsoft Visual Studio Solution File, Format Version 12.00
# Visual Studio 14
VisualStudioVersion = 14.0.25420.1
MinimumVisualStudioVersion = 10.0.40219.1
Project("{2150E333-8FDC-42A3-9474-1A3956D46DE8}") = "SharedLibs", "SharedLibs", "{48BDA680-5D15-4630-9339-5F5479E963E1}"
EndProject
Project("{FAE04EC0-301F-11D3-BF4B-00C04F79EFBC}") = "ERPService.SharedLibs.Helpers", "ERPService.SharedLibs.Helpers\ERPService.SharedLibs.Helpers.csproj", "{5E459A85-669C-408D-85F1-D99427D34C6B}"
EndProject
Project("{FAE04EC0-301F-11D3-BF4B-00C04F79EFBC}") = "ERPService.SharedLibs.Remoting", "ERPService.SharedLibs.Remoting\ERPService.SharedLibs.Remoting.csproj", "{570FE212-8E83-4D1B-AEA9-06BDE6F34773}"
EndProject
Project("{FAE04EC0-301F-11D3-BF4B-00C04F79EFBC}") = "ERPService.SharedLibs.Eventlog", "ERPService.SharedLibs.Eventlog\ERPService.SharedLibs.Eventlog.csproj", "{F3EE037C-8D18-477B-A39A-4DE71F46F992}"
EndProject
Project("{FAE04EC0-301F-11D3-BF4B-00C04F79EFBC}") = "ERPService.SharedLibs.PropertyGrid", "ERPService.SharedLibs.PropertyGrid\ERPService.SharedLibs.PropertyGrid.csproj", "{04E2E55B-EACE-4965-AE70-1709868EB4CC}"
EndProject
Project("{FAE04EC0-301F-11D3-BF4B-00C04F79EFBC}") = "DevicesBase", "DevicesBase\DevicesBase.csproj", "{22E6B695-EC1C-4AB8-B42B-7F55806EE82A}"
EndProject
Project("{FAE04EC0-301F-11D3-BF4B-00C04F79EFBC}") = "DevicesCommon", "DevicesCommon\DevicesCommon.csproj", "{3C778F01-918F-49B0-8C34-91D78BF5A054}"
EndProject
Project("{FAE04EC0-301F-11D3-BF4B-00C04F79EFBC}") = "DevmanConfig", "DevmanConfig\DevmanConfig.csproj", "{F6527744-5E6E-4968-805B-5E0DBEB02AD1}"
EndProject
Project("{FAE04EC0-301F-11D3-BF4B-00C04F79EFBC}") = "DevmanSvc", "DevmanSvc\DevmanSvc.csproj", "{0FEA5703-2B7E-4D53-8AC9-41873409675E}"
EndProject
Project("{FAE04EC0-301F-11D3-BF4B-00C04F79EFBC}") = "DevmanTest", "DevmanTest\DevmanTest.csproj", "{6A2C9382-5CDC-4DF0-8B70-F607EE0A96E1}"
EndProject
Project("{FAE04EC0-301F-11D3-BF4B-00C04F79EFBC}") = "Configurator", "Configurator\Configurator.csproj", "{794A481A-7124-494F-BF5F-6872AFC0659D}"
EndProject
Project("{2150E333-8FDC-42A3-9474-1A3956D46DE8}") = "Billiards", "Billiards", "{3CD5034A-21A3-4BAF-81C2-D426670DE5E5}"
EndProject
Project("{FAE04EC0-301F-11D3-BF4B-00C04F79EFBC}") = "cl8rc", "BilliardLightControl\cl8rc\cl8rc.csproj", "{2158C1EC-17DF-4E90-B28E-C3C9CE8109EE}"
EndProject
Project("{FAE04EC0-301F-11D3-BF4B-00C04F79EFBC}") = "ICPCON7065", "BilliardLightControl\ICPCON7065\ICPCON7065.csproj", "{1618334C-598C-4923-9D68-7FA12759A227}"
EndProject
Project("{2150E333-8FDC-42A3-9474-1A3956D46DE8}") = "Displays", "Displays", "{8C1854FF-A955-4506-8EB2-F37A589D3162}"
EndProject
Project("{2150E333-8FDC-42A3-9474-1A3956D46DE8}") = "Printers", "Printers", "{6443653A-B537-42EB-8415-17D526314C85}"
EndProject
Project("{FAE04EC0-301F-11D3-BF4B-00C04F79EFBC}") = "Aedex", "Displays\Aedex\Aedex.csproj", "{C4608B78-5B73-4EC3-97BC-1BE36AD3B4BE}"
EndProject
Project("{FAE04EC0-301F-11D3-BF4B-00C04F79EFBC}") = "DSP800", "Displays\DSP800\DSP800.csproj", "{86564648-CF5C-49CB-BAFD-B3B91DF43687}"
EndProject
Project("{FAE04EC0-301F-11D3-BF4B-00C04F79EFBC}") = "Epson", "Displays\Epson\Epson.csproj", "{0C9AE63B-ED13-4498-A32D-77CAC6845625}"
EndProject
Project("{FAE04EC0-301F-11D3-BF4B-00C04F79EFBC}") = "Firich", "Displays\Firich\Firich.csproj", "{584ED556-9A74-45C2-8E4E-9D3A4A9E77C8}"
EndProject
Project("{FAE04EC0-301F-11D3-BF4B-00C04F79EFBC}") = "PosiflexUSB", "Displays\PosiflexUSB\PosiflexUSB.csproj", "{D180164E-16C8-4290-BEC0-3B29ECF8F3CC}"
EndProject
Project("{2150E333-8FDC-42A3-9474-1A3956D46DE8}") = "Readers", "Readers", "{C2512EB2-C8C6-4A23-99ED-1FFFE44C2FF6}"
EndProject
Project("{2150E333-8FDC-42A3-9474-1A3956D46DE8}") = "Scales", "Scales", "{5B129FE0-C170-47B8-9555-6B66127FF781}"
EndProject
Project("{FAE04EC0-301F-11D3-BF4B-00C04F79EFBC}") = "Atol", "Printers\Atol\Atol.csproj", "{98F62D7E-C4C0-43AE-864F-D758E9164617}"
EndProject
Project("{FAE04EC0-301F-11D3-BF4B-00C04F79EFBC}") = "EpsonPrn", "Printers\Epson\EpsonPrn.csproj", "{36CBB05C-342F-434B-B7B9-A43229EC5115}"
EndProject
Project("{FAE04EC0-301F-11D3-BF4B-00C04F79EFBC}") = "FilePrinter", "Printers\FilePrinter\FilePrinter.csproj", "{81E06C7D-DB8E-4B7F-9AFA-F67A2BD995AB}"
EndProject
Project("{FAE04EC0-301F-11D3-BF4B-00C04F79EFBC}") = "POSPrint", "Printers\POSPrint\POSPrint.csproj", "{BFB86E35-6054-423C-8748-D86B7FEB0F75}"
EndProject
Project("{FAE04EC0-301F-11D3-BF4B-00C04F79EFBC}") = "ServicePlus", "Printers\ServicePlus\ServicePlus.csproj", "{1FEE05DD-2B3B-413E-A9D4-3B94EBED7C10}"
EndProject
Project("{FAE04EC0-301F-11D3-BF4B-00C04F79EFBC}") = "SparkTK", "Printers\SparkTK\SparkTK.csproj", "{A8582F60-284D-4493-9E2F-A8DF2434C4B3}"
EndProject
Project("{FAE04EC0-301F-11D3-BF4B-00C04F79EFBC}") = "StarPrn", "Printers\StarPrn\StarPrn.csproj", "{DA78BC5C-8E5A-48CE-BC02-97EDCE631AD8}"
EndProject
Project("{FAE04EC0-301F-11D3-BF4B-00C04F79EFBC}") = "Stroke", "Printers\Stroke\Stroke.csproj", "{9B914235-0E40-488B-B5F1-103F6CC02E6F}"
EndProject
Project("{FAE04EC0-301F-11D3-BF4B-00C04F79EFBC}") = "WindowsPrinter", "Printers\WindowsPrinter\WindowsPrinter.csproj", "{413CD2ED-0A06-4AB1-A45F-9220B3D50762}"
EndProject
Project("{FAE04EC0-301F-11D3-BF4B-00C04F79EFBC}") = "IronLogicProximityReader", "Readers\IronLogicProximityReader\IronLogicProximityReader.csproj", "{6A212D8C-8348-4235-9E24-C145D43463C0}"
EndProject
Project("{FAE04EC0-301F-11D3-BF4B-00C04F79EFBC}") = "CasAP", "Scales\CasAP\CasAP.csproj", "{2DDE7B81-6F74-4953-BCCB-1027283FB650}"
EndProject
Project("{FAE04EC0-301F-11D3-BF4B-00C04F79EFBC}") = "DigiSimple", "Scales\DigiSimple\DigiSimple.csproj", "{192C4BA5-C564-4BA4-87F4-211F54A22785}"
EndProject
Project("{FAE04EC0-301F-11D3-BF4B-00C04F79EFBC}") = "TigerE", "Scales\TigerE\TigerE.csproj", "{417FE74D-32DA-4A04-8B59-1E923A00729C}"
EndProject
Project("{2150E333-8FDC-42A3-9474-1A3956D46DE8}") = "SMS", "SMS", "{441A64FE-7160-46B4-ABED-F3A05B737759}"
EndProject
Project("{2150E333-8FDC-42A3-9474-1A3956D46DE8}") = "TS", "TS", "{F9BA03B3-7EE4-45E6-961A-D56767B5EEB9}"
EndProject
Project("{2150E333-8FDC-42A3-9474-1A3956D46DE8}") = "TSManagerACMS", "TSManagerACMS", "{DE9CAC19-0AD2-4566-A0C5-82C705FC4456}"
EndProject
Project("{FAE04EC0-301F-11D3-BF4B-00C04F79EFBC}") = "StdGSMModemSMS", "SMSClient\StdGSMModemSMS\StdGSMModemSMS.csproj", "{BEF58EB1-E7FD-42CD-802C-B3C4D0868B37}"
EndProject
Project("{FAE04EC0-301F-11D3-BF4B-00C04F79EFBC}") = "BiolinkLock", "TurnStile\BiolinkLock\BiolinkLock.csproj", "{6794DC8B-5549-4094-9639-9F54B1666AFF}"
EndProject
Project("{FAE04EC0-301F-11D3-BF4B-00C04F79EFBC}") = "T283DualTripod", "TurnStile\T283DualTripod\T283DualTripod.csproj", "{B23162E4-9093-49FA-848C-6C69BC2C5EFF}"
EndProject
Project("{8BC9CEB8-8B4A-11D0-8D11-00A0C91BC942}") = "TsBiolinkScanner", "TurnStile\TsBiolinkScanner\TsBiolinkScanner.vcxproj", "{27EEABF0-CA2F-4EEA-9240-4F675B37DB46}"
EndProject
Project("{FAE04EC0-301F-11D3-BF4B-00C04F79EFBC}") = "TsManager", "TsManager\TsManager.csproj", "{0201B6C7-C39E-42E7-92BD-8F1E79E6DE51}"
EndProject
Project("{FAE04EC0-301F-11D3-BF4B-00C04F79EFBC}") = "TsManagerConfigurator", "TsManagerConfigurator\TsManagerConfigurator.csproj", "{9BA32A7B-BA01-44BA-B28F-0A4D56C21631}"
EndProject
Project("{FAE04EC0-301F-11D3-BF4B-00C04F79EFBC}") = "TsManagerSvc", "TsManagerSvc\TsManagerSvc.csproj", "{C9B0B3CB-EAF6-494D-ABA9-0D4E4A45B5C5}"
EndProject
Project("{FAE04EC0-301F-11D3-BF4B-00C04F79EFBC}") = "TsBiometricsLogic", "TsAMCSLogic\TsBiometricsLogic\TsBiometricsLogic.csproj", "{D5EE0B3D-E081-43C5-92F0-621B02EB3E2B}"
EndProject
Project("{FAE04EC0-301F-11D3-BF4B-00C04F79EFBC}") = "TsPayServiceLogic", "TsAMCSLogic\TsPayServiceLogic\TsPayServiceLogic.csproj", "{63DE386B-4B98-4B1C-BD82-10D7F2E9ECDA}"
EndProject
Global
	GlobalSection(SolutionConfigurationPlatforms) = preSolution
		Debug|Any CPU = Debug|Any CPU
		Debug|x86 = Debug|x86
		Release|Any CPU = Release|Any CPU
		Release|x86 = Release|x86
	EndGlobalSection
	GlobalSection(ProjectConfigurationPlatforms) = postSolution
		{5E459A85-669C-408D-85F1-D99427D34C6B}.Debug|Any CPU.ActiveCfg = Debug|Any CPU
		{5E459A85-669C-408D-85F1-D99427D34C6B}.Debug|Any CPU.Build.0 = Debug|Any CPU
		{5E459A85-669C-408D-85F1-D99427D34C6B}.Debug|x86.ActiveCfg = Debug|Any CPU
		{5E459A85-669C-408D-85F1-D99427D34C6B}.Debug|x86.Build.0 = Debug|Any CPU
		{5E459A85-669C-408D-85F1-D99427D34C6B}.Release|Any CPU.ActiveCfg = Release|Any CPU
		{5E459A85-669C-408D-85F1-D99427D34C6B}.Release|Any CPU.Build.0 = Release|Any CPU
		{5E459A85-669C-408D-85F1-D99427D34C6B}.Release|x86.ActiveCfg = Release|Any CPU
		{5E459A85-669C-408D-85F1-D99427D34C6B}.Release|x86.Build.0 = Release|Any CPU
		{570FE212-8E83-4D1B-AEA9-06BDE6F34773}.Debug|Any CPU.ActiveCfg = Debug|Any CPU
		{570FE212-8E83-4D1B-AEA9-06BDE6F34773}.Debug|Any CPU.Build.0 = Debug|Any CPU
		{570FE212-8E83-4D1B-AEA9-06BDE6F34773}.Debug|x86.ActiveCfg = Debug|Any CPU
		{570FE212-8E83-4D1B-AEA9-06BDE6F34773}.Debug|x86.Build.0 = Debug|Any CPU
		{570FE212-8E83-4D1B-AEA9-06BDE6F34773}.Release|Any CPU.ActiveCfg = Release|Any CPU
		{570FE212-8E83-4D1B-AEA9-06BDE6F34773}.Release|Any CPU.Build.0 = Release|Any CPU
		{570FE212-8E83-4D1B-AEA9-06BDE6F34773}.Release|x86.ActiveCfg = Release|Any CPU
		{570FE212-8E83-4D1B-AEA9-06BDE6F34773}.Release|x86.Build.0 = Release|Any CPU
		{F3EE037C-8D18-477B-A39A-4DE71F46F992}.Debug|Any CPU.ActiveCfg = Debug|Any CPU
		{F3EE037C-8D18-477B-A39A-4DE71F46F992}.Debug|Any CPU.Build.0 = Debug|Any CPU
		{F3EE037C-8D18-477B-A39A-4DE71F46F992}.Debug|x86.ActiveCfg = Debug|Any CPU
		{F3EE037C-8D18-477B-A39A-4DE71F46F992}.Debug|x86.Build.0 = Debug|Any CPU
		{F3EE037C-8D18-477B-A39A-4DE71F46F992}.Release|Any CPU.ActiveCfg = Release|Any CPU
		{F3EE037C-8D18-477B-A39A-4DE71F46F992}.Release|Any CPU.Build.0 = Release|Any CPU
		{F3EE037C-8D18-477B-A39A-4DE71F46F992}.Release|x86.ActiveCfg = Release|Any CPU
		{F3EE037C-8D18-477B-A39A-4DE71F46F992}.Release|x86.Build.0 = Release|Any CPU
		{04E2E55B-EACE-4965-AE70-1709868EB4CC}.Debug|Any CPU.ActiveCfg = Debug|Any CPU
		{04E2E55B-EACE-4965-AE70-1709868EB4CC}.Debug|Any CPU.Build.0 = Debug|Any CPU
		{04E2E55B-EACE-4965-AE70-1709868EB4CC}.Debug|x86.ActiveCfg = Debug|Any CPU
		{04E2E55B-EACE-4965-AE70-1709868EB4CC}.Debug|x86.Build.0 = Debug|Any CPU
		{04E2E55B-EACE-4965-AE70-1709868EB4CC}.Release|Any CPU.ActiveCfg = Release|Any CPU
		{04E2E55B-EACE-4965-AE70-1709868EB4CC}.Release|Any CPU.Build.0 = Release|Any CPU
		{04E2E55B-EACE-4965-AE70-1709868EB4CC}.Release|x86.ActiveCfg = Release|Any CPU
		{04E2E55B-EACE-4965-AE70-1709868EB4CC}.Release|x86.Build.0 = Release|Any CPU
		{22E6B695-EC1C-4AB8-B42B-7F55806EE82A}.Debug|Any CPU.ActiveCfg = Debug|Any CPU
		{22E6B695-EC1C-4AB8-B42B-7F55806EE82A}.Debug|Any CPU.Build.0 = Debug|Any CPU
		{22E6B695-EC1C-4AB8-B42B-7F55806EE82A}.Debug|x86.ActiveCfg = Debug|Any CPU
		{22E6B695-EC1C-4AB8-B42B-7F55806EE82A}.Debug|x86.Build.0 = Debug|Any CPU
		{22E6B695-EC1C-4AB8-B42B-7F55806EE82A}.Release|Any CPU.ActiveCfg = Release|Any CPU
		{22E6B695-EC1C-4AB8-B42B-7F55806EE82A}.Release|Any CPU.Build.0 = Release|Any CPU
		{22E6B695-EC1C-4AB8-B42B-7F55806EE82A}.Release|x86.ActiveCfg = Release|Any CPU
		{22E6B695-EC1C-4AB8-B42B-7F55806EE82A}.Release|x86.Build.0 = Release|Any CPU
		{3C778F01-918F-49B0-8C34-91D78BF5A054}.Debug|Any CPU.ActiveCfg = Debug|Any CPU
		{3C778F01-918F-49B0-8C34-91D78BF5A054}.Debug|Any CPU.Build.0 = Debug|Any CPU
		{3C778F01-918F-49B0-8C34-91D78BF5A054}.Debug|x86.ActiveCfg = Debug|Any CPU
		{3C778F01-918F-49B0-8C34-91D78BF5A054}.Debug|x86.Build.0 = Debug|Any CPU
		{3C778F01-918F-49B0-8C34-91D78BF5A054}.Release|Any CPU.ActiveCfg = Release|Any CPU
		{3C778F01-918F-49B0-8C34-91D78BF5A054}.Release|Any CPU.Build.0 = Release|Any CPU
		{3C778F01-918F-49B0-8C34-91D78BF5A054}.Release|x86.ActiveCfg = Release|Any CPU
		{3C778F01-918F-49B0-8C34-91D78BF5A054}.Release|x86.Build.0 = Release|Any CPU
		{F6527744-5E6E-4968-805B-5E0DBEB02AD1}.Debug|Any CPU.ActiveCfg = Debug|Any CPU
		{F6527744-5E6E-4968-805B-5E0DBEB02AD1}.Debug|Any CPU.Build.0 = Debug|Any CPU
		{F6527744-5E6E-4968-805B-5E0DBEB02AD1}.Debug|x86.ActiveCfg = Debug|Any CPU
		{F6527744-5E6E-4968-805B-5E0DBEB02AD1}.Debug|x86.Build.0 = Debug|Any CPU
		{F6527744-5E6E-4968-805B-5E0DBEB02AD1}.Release|Any CPU.ActiveCfg = Release|Any CPU
		{F6527744-5E6E-4968-805B-5E0DBEB02AD1}.Release|Any CPU.Build.0 = Release|Any CPU
		{F6527744-5E6E-4968-805B-5E0DBEB02AD1}.Release|x86.ActiveCfg = Release|Any CPU
		{F6527744-5E6E-4968-805B-5E0DBEB02AD1}.Release|x86.Build.0 = Release|Any CPU
		{0FEA5703-2B7E-4D53-8AC9-41873409675E}.Debug|Any CPU.ActiveCfg = Debug|Any CPU
		{0FEA5703-2B7E-4D53-8AC9-41873409675E}.Debug|Any CPU.Build.0 = Debug|Any CPU
		{0FEA5703-2B7E-4D53-8AC9-41873409675E}.Debug|x86.ActiveCfg = Debug|Any CPU
		{0FEA5703-2B7E-4D53-8AC9-41873409675E}.Debug|x86.Build.0 = Debug|Any CPU
		{0FEA5703-2B7E-4D53-8AC9-41873409675E}.Release|Any CPU.ActiveCfg = Release|Any CPU
		{0FEA5703-2B7E-4D53-8AC9-41873409675E}.Release|Any CPU.Build.0 = Release|Any CPU
		{0FEA5703-2B7E-4D53-8AC9-41873409675E}.Release|x86.ActiveCfg = Release|Any CPU
		{0FEA5703-2B7E-4D53-8AC9-41873409675E}.Release|x86.Build.0 = Release|Any CPU
		{6A2C9382-5CDC-4DF0-8B70-F607EE0A96E1}.Debug|Any CPU.ActiveCfg = Debug|Any CPU
		{6A2C9382-5CDC-4DF0-8B70-F607EE0A96E1}.Debug|Any CPU.Build.0 = Debug|Any CPU
		{6A2C9382-5CDC-4DF0-8B70-F607EE0A96E1}.Debug|x86.ActiveCfg = Debug|Any CPU
		{6A2C9382-5CDC-4DF0-8B70-F607EE0A96E1}.Debug|x86.Build.0 = Debug|Any CPU
		{6A2C9382-5CDC-4DF0-8B70-F607EE0A96E1}.Release|Any CPU.ActiveCfg = Release|Any CPU
		{6A2C9382-5CDC-4DF0-8B70-F607EE0A96E1}.Release|Any CPU.Build.0 = Release|Any CPU
		{6A2C9382-5CDC-4DF0-8B70-F607EE0A96E1}.Release|x86.ActiveCfg = Release|Any CPU
		{6A2C9382-5CDC-4DF0-8B70-F607EE0A96E1}.Release|x86.Build.0 = Release|Any CPU
		{794A481A-7124-494F-BF5F-6872AFC0659D}.Debug|Any CPU.ActiveCfg = Debug|Any CPU
		{794A481A-7124-494F-BF5F-6872AFC0659D}.Debug|Any CPU.Build.0 = Debug|Any CPU
		{794A481A-7124-494F-BF5F-6872AFC0659D}.Debug|x86.ActiveCfg = Debug|Any CPU
		{794A481A-7124-494F-BF5F-6872AFC0659D}.Debug|x86.Build.0 = Debug|Any CPU
		{794A481A-7124-494F-BF5F-6872AFC0659D}.Release|Any CPU.ActiveCfg = Release|Any CPU
		{794A481A-7124-494F-BF5F-6872AFC0659D}.Release|Any CPU.Build.0 = Release|Any CPU
		{794A481A-7124-494F-BF5F-6872AFC0659D}.Release|x86.ActiveCfg = Release|Any CPU
		{794A481A-7124-494F-BF5F-6872AFC0659D}.Release|x86.Build.0 = Release|Any CPU
		{2158C1EC-17DF-4E90-B28E-C3C9CE8109EE}.Debug|Any CPU.ActiveCfg = Debug|Any CPU
		{2158C1EC-17DF-4E90-B28E-C3C9CE8109EE}.Debug|Any CPU.Build.0 = Debug|Any CPU
		{2158C1EC-17DF-4E90-B28E-C3C9CE8109EE}.Debug|x86.ActiveCfg = Debug|Any CPU
		{2158C1EC-17DF-4E90-B28E-C3C9CE8109EE}.Debug|x86.Build.0 = Debug|Any CPU
		{2158C1EC-17DF-4E90-B28E-C3C9CE8109EE}.Release|Any CPU.ActiveCfg = Release|Any CPU
		{2158C1EC-17DF-4E90-B28E-C3C9CE8109EE}.Release|Any CPU.Build.0 = Release|Any CPU
		{2158C1EC-17DF-4E90-B28E-C3C9CE8109EE}.Release|x86.ActiveCfg = Release|Any CPU
		{2158C1EC-17DF-4E90-B28E-C3C9CE8109EE}.Release|x86.Build.0 = Release|Any CPU
		{1618334C-598C-4923-9D68-7FA12759A227}.Debug|Any CPU.ActiveCfg = Debug|Any CPU
		{1618334C-598C-4923-9D68-7FA12759A227}.Debug|Any CPU.Build.0 = Debug|Any CPU
		{1618334C-598C-4923-9D68-7FA12759A227}.Debug|x86.ActiveCfg = Debug|Any CPU
		{1618334C-598C-4923-9D68-7FA12759A227}.Debug|x86.Build.0 = Debug|Any CPU
		{1618334C-598C-4923-9D68-7FA12759A227}.Release|Any CPU.ActiveCfg = Release|Any CPU
		{1618334C-598C-4923-9D68-7FA12759A227}.Release|Any CPU.Build.0 = Release|Any CPU
		{1618334C-598C-4923-9D68-7FA12759A227}.Release|x86.ActiveCfg = Release|Any CPU
		{1618334C-598C-4923-9D68-7FA12759A227}.Release|x86.Build.0 = Release|Any CPU
		{C4608B78-5B73-4EC3-97BC-1BE36AD3B4BE}.Debug|Any CPU.ActiveCfg = Debug|Any CPU
		{C4608B78-5B73-4EC3-97BC-1BE36AD3B4BE}.Debug|Any CPU.Build.0 = Debug|Any CPU
		{C4608B78-5B73-4EC3-97BC-1BE36AD3B4BE}.Debug|x86.ActiveCfg = Debug|Any CPU
		{C4608B78-5B73-4EC3-97BC-1BE36AD3B4BE}.Debug|x86.Build.0 = Debug|Any CPU
		{C4608B78-5B73-4EC3-97BC-1BE36AD3B4BE}.Release|Any CPU.ActiveCfg = Release|Any CPU
		{C4608B78-5B73-4EC3-97BC-1BE36AD3B4BE}.Release|Any CPU.Build.0 = Release|Any CPU
		{C4608B78-5B73-4EC3-97BC-1BE36AD3B4BE}.Release|x86.ActiveCfg = Release|Any CPU
		{C4608B78-5B73-4EC3-97BC-1BE36AD3B4BE}.Release|x86.Build.0 = Release|Any CPU
		{86564648-CF5C-49CB-BAFD-B3B91DF43687}.Debug|Any CPU.ActiveCfg = Debug|Any CPU
		{86564648-CF5C-49CB-BAFD-B3B91DF43687}.Debug|Any CPU.Build.0 = Debug|Any CPU
		{86564648-CF5C-49CB-BAFD-B3B91DF43687}.Debug|x86.ActiveCfg = Debug|Any CPU
		{86564648-CF5C-49CB-BAFD-B3B91DF43687}.Debug|x86.Build.0 = Debug|Any CPU
		{86564648-CF5C-49CB-BAFD-B3B91DF43687}.Release|Any CPU.ActiveCfg = Release|Any CPU
		{86564648-CF5C-49CB-BAFD-B3B91DF43687}.Release|Any CPU.Build.0 = Release|Any CPU
		{86564648-CF5C-49CB-BAFD-B3B91DF43687}.Release|x86.ActiveCfg = Release|Any CPU
		{86564648-CF5C-49CB-BAFD-B3B91DF43687}.Release|x86.Build.0 = Release|Any CPU
		{0C9AE63B-ED13-4498-A32D-77CAC6845625}.Debug|Any CPU.ActiveCfg = Debug|Any CPU
		{0C9AE63B-ED13-4498-A32D-77CAC6845625}.Debug|Any CPU.Build.0 = Debug|Any CPU
		{0C9AE63B-ED13-4498-A32D-77CAC6845625}.Debug|x86.ActiveCfg = Debug|Any CPU
		{0C9AE63B-ED13-4498-A32D-77CAC6845625}.Debug|x86.Build.0 = Debug|Any CPU
		{0C9AE63B-ED13-4498-A32D-77CAC6845625}.Release|Any CPU.ActiveCfg = Release|Any CPU
		{0C9AE63B-ED13-4498-A32D-77CAC6845625}.Release|Any CPU.Build.0 = Release|Any CPU
		{0C9AE63B-ED13-4498-A32D-77CAC6845625}.Release|x86.ActiveCfg = Release|Any CPU
		{0C9AE63B-ED13-4498-A32D-77CAC6845625}.Release|x86.Build.0 = Release|Any CPU
		{584ED556-9A74-45C2-8E4E-9D3A4A9E77C8}.Debug|Any CPU.ActiveCfg = Debug|Any CPU
		{584ED556-9A74-45C2-8E4E-9D3A4A9E77C8}.Debug|Any CPU.Build.0 = Debug|Any CPU
		{584ED556-9A74-45C2-8E4E-9D3A4A9E77C8}.Debug|x86.ActiveCfg = Debug|Any CPU
		{584ED556-9A74-45C2-8E4E-9D3A4A9E77C8}.Debug|x86.Build.0 = Debug|Any CPU
		{584ED556-9A74-45C2-8E4E-9D3A4A9E77C8}.Release|Any CPU.ActiveCfg = Release|Any CPU
		{584ED556-9A74-45C2-8E4E-9D3A4A9E77C8}.Release|Any CPU.Build.0 = Release|Any CPU
		{584ED556-9A74-45C2-8E4E-9D3A4A9E77C8}.Release|x86.ActiveCfg = Release|Any CPU
		{584ED556-9A74-45C2-8E4E-9D3A4A9E77C8}.Release|x86.Build.0 = Release|Any CPU
		{D180164E-16C8-4290-BEC0-3B29ECF8F3CC}.Debug|Any CPU.ActiveCfg = Debug|Any CPU
		{D180164E-16C8-4290-BEC0-3B29ECF8F3CC}.Debug|Any CPU.Build.0 = Debug|Any CPU
		{D180164E-16C8-4290-BEC0-3B29ECF8F3CC}.Debug|x86.ActiveCfg = Debug|Any CPU
		{D180164E-16C8-4290-BEC0-3B29ECF8F3CC}.Debug|x86.Build.0 = Debug|Any CPU
		{D180164E-16C8-4290-BEC0-3B29ECF8F3CC}.Release|Any CPU.ActiveCfg = Release|Any CPU
		{D180164E-16C8-4290-BEC0-3B29ECF8F3CC}.Release|Any CPU.Build.0 = Release|Any CPU
		{D180164E-16C8-4290-BEC0-3B29ECF8F3CC}.Release|x86.ActiveCfg = Release|Any CPU
		{D180164E-16C8-4290-BEC0-3B29ECF8F3CC}.Release|x86.Build.0 = Release|Any CPU
		{98F62D7E-C4C0-43AE-864F-D758E9164617}.Debug|Any CPU.ActiveCfg = Debug|Any CPU
		{98F62D7E-C4C0-43AE-864F-D758E9164617}.Debug|Any CPU.Build.0 = Debug|Any CPU
		{98F62D7E-C4C0-43AE-864F-D758E9164617}.Debug|x86.ActiveCfg = Debug|Any CPU
		{98F62D7E-C4C0-43AE-864F-D758E9164617}.Debug|x86.Build.0 = Debug|Any CPU
		{98F62D7E-C4C0-43AE-864F-D758E9164617}.Release|Any CPU.ActiveCfg = Release|Any CPU
		{98F62D7E-C4C0-43AE-864F-D758E9164617}.Release|Any CPU.Build.0 = Release|Any CPU
		{98F62D7E-C4C0-43AE-864F-D758E9164617}.Release|x86.ActiveCfg = Release|Any CPU
		{98F62D7E-C4C0-43AE-864F-D758E9164617}.Release|x86.Build.0 = Release|Any CPU
		{36CBB05C-342F-434B-B7B9-A43229EC5115}.Debug|Any CPU.ActiveCfg = Debug|Any CPU
		{36CBB05C-342F-434B-B7B9-A43229EC5115}.Debug|Any CPU.Build.0 = Debug|Any CPU
		{36CBB05C-342F-434B-B7B9-A43229EC5115}.Debug|x86.ActiveCfg = Debug|Any CPU
		{36CBB05C-342F-434B-B7B9-A43229EC5115}.Debug|x86.Build.0 = Debug|Any CPU
		{36CBB05C-342F-434B-B7B9-A43229EC5115}.Release|Any CPU.ActiveCfg = Release|Any CPU
		{36CBB05C-342F-434B-B7B9-A43229EC5115}.Release|Any CPU.Build.0 = Release|Any CPU
		{36CBB05C-342F-434B-B7B9-A43229EC5115}.Release|x86.ActiveCfg = Release|Any CPU
		{36CBB05C-342F-434B-B7B9-A43229EC5115}.Release|x86.Build.0 = Release|Any CPU
		{81E06C7D-DB8E-4B7F-9AFA-F67A2BD995AB}.Debug|Any CPU.ActiveCfg = Debug|Any CPU
		{81E06C7D-DB8E-4B7F-9AFA-F67A2BD995AB}.Debug|Any CPU.Build.0 = Debug|Any CPU
		{81E06C7D-DB8E-4B7F-9AFA-F67A2BD995AB}.Debug|x86.ActiveCfg = Debug|Any CPU
		{81E06C7D-DB8E-4B7F-9AFA-F67A2BD995AB}.Debug|x86.Build.0 = Debug|Any CPU
		{81E06C7D-DB8E-4B7F-9AFA-F67A2BD995AB}.Release|Any CPU.ActiveCfg = Release|Any CPU
		{81E06C7D-DB8E-4B7F-9AFA-F67A2BD995AB}.Release|Any CPU.Build.0 = Release|Any CPU
		{81E06C7D-DB8E-4B7F-9AFA-F67A2BD995AB}.Release|x86.ActiveCfg = Release|Any CPU
		{81E06C7D-DB8E-4B7F-9AFA-F67A2BD995AB}.Release|x86.Build.0 = Release|Any CPU
		{BFB86E35-6054-423C-8748-D86B7FEB0F75}.Debug|Any CPU.ActiveCfg = Debug|Any CPU
		{BFB86E35-6054-423C-8748-D86B7FEB0F75}.Debug|Any CPU.Build.0 = Debug|Any CPU
		{BFB86E35-6054-423C-8748-D86B7FEB0F75}.Debug|x86.ActiveCfg = Debug|Any CPU
		{BFB86E35-6054-423C-8748-D86B7FEB0F75}.Debug|x86.Build.0 = Debug|Any CPU
		{BFB86E35-6054-423C-8748-D86B7FEB0F75}.Release|Any CPU.ActiveCfg = Release|Any CPU
		{BFB86E35-6054-423C-8748-D86B7FEB0F75}.Release|Any CPU.Build.0 = Release|Any CPU
		{BFB86E35-6054-423C-8748-D86B7FEB0F75}.Release|x86.ActiveCfg = Release|Any CPU
		{BFB86E35-6054-423C-8748-D86B7FEB0F75}.Release|x86.Build.0 = Release|Any CPU
		{1FEE05DD-2B3B-413E-A9D4-3B94EBED7C10}.Debug|Any CPU.ActiveCfg = Debug|Any CPU
		{1FEE05DD-2B3B-413E-A9D4-3B94EBED7C10}.Debug|Any CPU.Build.0 = Debug|Any CPU
		{1FEE05DD-2B3B-413E-A9D4-3B94EBED7C10}.Debug|x86.ActiveCfg = Debug|Any CPU
		{1FEE05DD-2B3B-413E-A9D4-3B94EBED7C10}.Debug|x86.Build.0 = Debug|Any CPU
		{1FEE05DD-2B3B-413E-A9D4-3B94EBED7C10}.Release|Any CPU.ActiveCfg = Release|Any CPU
		{1FEE05DD-2B3B-413E-A9D4-3B94EBED7C10}.Release|Any CPU.Build.0 = Release|Any CPU
		{1FEE05DD-2B3B-413E-A9D4-3B94EBED7C10}.Release|x86.ActiveCfg = Release|Any CPU
		{1FEE05DD-2B3B-413E-A9D4-3B94EBED7C10}.Release|x86.Build.0 = Release|Any CPU
		{A8582F60-284D-4493-9E2F-A8DF2434C4B3}.Debug|Any CPU.ActiveCfg = Debug|Any CPU
		{A8582F60-284D-4493-9E2F-A8DF2434C4B3}.Debug|Any CPU.Build.0 = Debug|Any CPU
		{A8582F60-284D-4493-9E2F-A8DF2434C4B3}.Debug|x86.ActiveCfg = Debug|Any CPU
		{A8582F60-284D-4493-9E2F-A8DF2434C4B3}.Debug|x86.Build.0 = Debug|Any CPU
		{A8582F60-284D-4493-9E2F-A8DF2434C4B3}.Release|Any CPU.ActiveCfg = Release|Any CPU
		{A8582F60-284D-4493-9E2F-A8DF2434C4B3}.Release|Any CPU.Build.0 = Release|Any CPU
		{A8582F60-284D-4493-9E2F-A8DF2434C4B3}.Release|x86.ActiveCfg = Release|Any CPU
		{A8582F60-284D-4493-9E2F-A8DF2434C4B3}.Release|x86.Build.0 = Release|Any CPU
		{DA78BC5C-8E5A-48CE-BC02-97EDCE631AD8}.Debug|Any CPU.ActiveCfg = Debug|Any CPU
		{DA78BC5C-8E5A-48CE-BC02-97EDCE631AD8}.Debug|Any CPU.Build.0 = Debug|Any CPU
		{DA78BC5C-8E5A-48CE-BC02-97EDCE631AD8}.Debug|x86.ActiveCfg = Debug|Any CPU
		{DA78BC5C-8E5A-48CE-BC02-97EDCE631AD8}.Debug|x86.Build.0 = Debug|Any CPU
		{DA78BC5C-8E5A-48CE-BC02-97EDCE631AD8}.Release|Any CPU.ActiveCfg = Release|Any CPU
		{DA78BC5C-8E5A-48CE-BC02-97EDCE631AD8}.Release|Any CPU.Build.0 = Release|Any CPU
		{DA78BC5C-8E5A-48CE-BC02-97EDCE631AD8}.Release|x86.ActiveCfg = Release|Any CPU
		{DA78BC5C-8E5A-48CE-BC02-97EDCE631AD8}.Release|x86.Build.0 = Release|Any CPU
		{9B914235-0E40-488B-B5F1-103F6CC02E6F}.Debug|Any CPU.ActiveCfg = Debug|Any CPU
		{9B914235-0E40-488B-B5F1-103F6CC02E6F}.Debug|Any CPU.Build.0 = Debug|Any CPU
		{9B914235-0E40-488B-B5F1-103F6CC02E6F}.Debug|x86.ActiveCfg = Debug|Any CPU
		{9B914235-0E40-488B-B5F1-103F6CC02E6F}.Debug|x86.Build.0 = Debug|Any CPU
		{9B914235-0E40-488B-B5F1-103F6CC02E6F}.Release|Any CPU.ActiveCfg = Release|Any CPU
		{9B914235-0E40-488B-B5F1-103F6CC02E6F}.Release|Any CPU.Build.0 = Release|Any CPU
		{9B914235-0E40-488B-B5F1-103F6CC02E6F}.Release|x86.ActiveCfg = Release|Any CPU
		{9B914235-0E40-488B-B5F1-103F6CC02E6F}.Release|x86.Build.0 = Release|Any CPU
		{413CD2ED-0A06-4AB1-A45F-9220B3D50762}.Debug|Any CPU.ActiveCfg = Debug|Any CPU
		{413CD2ED-0A06-4AB1-A45F-9220B3D50762}.Debug|Any CPU.Build.0 = Debug|Any CPU
		{413CD2ED-0A06-4AB1-A45F-9220B3D50762}.Debug|x86.ActiveCfg = Debug|Any CPU
		{413CD2ED-0A06-4AB1-A45F-9220B3D50762}.Debug|x86.Build.0 = Debug|Any CPU
		{413CD2ED-0A06-4AB1-A45F-9220B3D50762}.Release|Any CPU.ActiveCfg = Release|Any CPU
		{413CD2ED-0A06-4AB1-A45F-9220B3D50762}.Release|Any CPU.Build.0 = Release|Any CPU
		{413CD2ED-0A06-4AB1-A45F-9220B3D50762}.Release|x86.ActiveCfg = Release|Any CPU
		{413CD2ED-0A06-4AB1-A45F-9220B3D50762}.Release|x86.Build.0 = Release|Any CPU
		{6A212D8C-8348-4235-9E24-C145D43463C0}.Debug|Any CPU.ActiveCfg = Debug|Any CPU
		{6A212D8C-8348-4235-9E24-C145D43463C0}.Debug|Any CPU.Build.0 = Debug|Any CPU
		{6A212D8C-8348-4235-9E24-C145D43463C0}.Debug|x86.ActiveCfg = Debug|Any CPU
		{6A212D8C-8348-4235-9E24-C145D43463C0}.Debug|x86.Build.0 = Debug|Any CPU
		{6A212D8C-8348-4235-9E24-C145D43463C0}.Release|Any CPU.ActiveCfg = Release|Any CPU
		{6A212D8C-8348-4235-9E24-C145D43463C0}.Release|Any CPU.Build.0 = Release|Any CPU
		{6A212D8C-8348-4235-9E24-C145D43463C0}.Release|x86.ActiveCfg = Release|Any CPU
		{6A212D8C-8348-4235-9E24-C145D43463C0}.Release|x86.Build.0 = Release|Any CPU
		{2DDE7B81-6F74-4953-BCCB-1027283FB650}.Debug|Any CPU.ActiveCfg = Debug|Any CPU
		{2DDE7B81-6F74-4953-BCCB-1027283FB650}.Debug|Any CPU.Build.0 = Debug|Any CPU
		{2DDE7B81-6F74-4953-BCCB-1027283FB650}.Debug|x86.ActiveCfg = Debug|Any CPU
		{2DDE7B81-6F74-4953-BCCB-1027283FB650}.Debug|x86.Build.0 = Debug|Any CPU
		{2DDE7B81-6F74-4953-BCCB-1027283FB650}.Release|Any CPU.ActiveCfg = Release|Any CPU
		{2DDE7B81-6F74-4953-BCCB-1027283FB650}.Release|Any CPU.Build.0 = Release|Any CPU
		{2DDE7B81-6F74-4953-BCCB-1027283FB650}.Release|x86.ActiveCfg = Release|Any CPU
		{2DDE7B81-6F74-4953-BCCB-1027283FB650}.Release|x86.Build.0 = Release|Any CPU
		{192C4BA5-C564-4BA4-87F4-211F54A22785}.Debug|Any CPU.ActiveCfg = Debug|Any CPU
		{192C4BA5-C564-4BA4-87F4-211F54A22785}.Debug|Any CPU.Build.0 = Debug|Any CPU
		{192C4BA5-C564-4BA4-87F4-211F54A22785}.Debug|x86.ActiveCfg = Debug|Any CPU
		{192C4BA5-C564-4BA4-87F4-211F54A22785}.Debug|x86.Build.0 = Debug|Any CPU
		{192C4BA5-C564-4BA4-87F4-211F54A22785}.Release|Any CPU.ActiveCfg = Release|Any CPU
		{192C4BA5-C564-4BA4-87F4-211F54A22785}.Release|Any CPU.Build.0 = Release|Any CPU
		{192C4BA5-C564-4BA4-87F4-211F54A22785}.Release|x86.ActiveCfg = Release|Any CPU
		{192C4BA5-C564-4BA4-87F4-211F54A22785}.Release|x86.Build.0 = Release|Any CPU
		{417FE74D-32DA-4A04-8B59-1E923A00729C}.Debug|Any CPU.ActiveCfg = Debug|Any CPU
		{417FE74D-32DA-4A04-8B59-1E923A00729C}.Debug|Any CPU.Build.0 = Debug|Any CPU
		{417FE74D-32DA-4A04-8B59-1E923A00729C}.Debug|x86.ActiveCfg = Debug|Any CPU
		{417FE74D-32DA-4A04-8B59-1E923A00729C}.Debug|x86.Build.0 = Debug|Any CPU
		{417FE74D-32DA-4A04-8B59-1E923A00729C}.Release|Any CPU.ActiveCfg = Release|Any CPU
		{417FE74D-32DA-4A04-8B59-1E923A00729C}.Release|Any CPU.Build.0 = Release|Any CPU
		{417FE74D-32DA-4A04-8B59-1E923A00729C}.Release|x86.ActiveCfg = Release|Any CPU
		{417FE74D-32DA-4A04-8B59-1E923A00729C}.Release|x86.Build.0 = Release|Any CPU
		{BEF58EB1-E7FD-42CD-802C-B3C4D0868B37}.Debug|Any CPU.ActiveCfg = Debug|Any CPU
		{BEF58EB1-E7FD-42CD-802C-B3C4D0868B37}.Debug|Any CPU.Build.0 = Debug|Any CPU
		{BEF58EB1-E7FD-42CD-802C-B3C4D0868B37}.Debug|x86.ActiveCfg = Debug|Any CPU
		{BEF58EB1-E7FD-42CD-802C-B3C4D0868B37}.Debug|x86.Build.0 = Debug|Any CPU
		{BEF58EB1-E7FD-42CD-802C-B3C4D0868B37}.Release|Any CPU.ActiveCfg = Release|Any CPU
		{BEF58EB1-E7FD-42CD-802C-B3C4D0868B37}.Release|Any CPU.Build.0 = Release|Any CPU
		{BEF58EB1-E7FD-42CD-802C-B3C4D0868B37}.Release|x86.ActiveCfg = Release|Any CPU
		{BEF58EB1-E7FD-42CD-802C-B3C4D0868B37}.Release|x86.Build.0 = Release|Any CPU
		{6794DC8B-5549-4094-9639-9F54B1666AFF}.Debug|Any CPU.ActiveCfg = Debug|Any CPU
		{6794DC8B-5549-4094-9639-9F54B1666AFF}.Debug|Any CPU.Build.0 = Debug|Any CPU
		{6794DC8B-5549-4094-9639-9F54B1666AFF}.Debug|x86.ActiveCfg = Debug|Any CPU
		{6794DC8B-5549-4094-9639-9F54B1666AFF}.Debug|x86.Build.0 = Debug|Any CPU
		{6794DC8B-5549-4094-9639-9F54B1666AFF}.Release|Any CPU.ActiveCfg = Release|Any CPU
		{6794DC8B-5549-4094-9639-9F54B1666AFF}.Release|Any CPU.Build.0 = Release|Any CPU
		{6794DC8B-5549-4094-9639-9F54B1666AFF}.Release|x86.ActiveCfg = Release|Any CPU
		{6794DC8B-5549-4094-9639-9F54B1666AFF}.Release|x86.Build.0 = Release|Any CPU
		{B23162E4-9093-49FA-848C-6C69BC2C5EFF}.Debug|Any CPU.ActiveCfg = Debug|Any CPU
		{B23162E4-9093-49FA-848C-6C69BC2C5EFF}.Debug|Any CPU.Build.0 = Debug|Any CPU
		{B23162E4-9093-49FA-848C-6C69BC2C5EFF}.Debug|x86.ActiveCfg = Debug|Any CPU
		{B23162E4-9093-49FA-848C-6C69BC2C5EFF}.Debug|x86.Build.0 = Debug|Any CPU
		{B23162E4-9093-49FA-848C-6C69BC2C5EFF}.Release|Any CPU.ActiveCfg = Release|Any CPU
		{B23162E4-9093-49FA-848C-6C69BC2C5EFF}.Release|Any CPU.Build.0 = Release|Any CPU
		{B23162E4-9093-49FA-848C-6C69BC2C5EFF}.Release|x86.ActiveCfg = Release|Any CPU
		{B23162E4-9093-49FA-848C-6C69BC2C5EFF}.Release|x86.Build.0 = Release|Any CPU
		{27EEABF0-CA2F-4EEA-9240-4F675B37DB46}.Debug|Any CPU.ActiveCfg = Debug|Win32
		{27EEABF0-CA2F-4EEA-9240-4F675B37DB46}.Debug|x86.ActiveCfg = Debug|Win32
		{27EEABF0-CA2F-4EEA-9240-4F675B37DB46}.Debug|x86.Build.0 = Debug|Win32
		{27EEABF0-CA2F-4EEA-9240-4F675B37DB46}.Release|Any CPU.ActiveCfg = Release|Win32
		{27EEABF0-CA2F-4EEA-9240-4F675B37DB46}.Release|x86.ActiveCfg = Release|Win32
		{27EEABF0-CA2F-4EEA-9240-4F675B37DB46}.Release|x86.Build.0 = Release|Win32
		{0201B6C7-C39E-42E7-92BD-8F1E79E6DE51}.Debug|Any CPU.ActiveCfg = Debug|Any CPU
		{0201B6C7-C39E-42E7-92BD-8F1E79E6DE51}.Debug|Any CPU.Build.0 = Debug|Any CPU
		{0201B6C7-C39E-42E7-92BD-8F1E79E6DE51}.Debug|x86.ActiveCfg = Debug|Any CPU
		{0201B6C7-C39E-42E7-92BD-8F1E79E6DE51}.Debug|x86.Build.0 = Debug|Any CPU
		{0201B6C7-C39E-42E7-92BD-8F1E79E6DE51}.Release|Any CPU.ActiveCfg = Release|Any CPU
		{0201B6C7-C39E-42E7-92BD-8F1E79E6DE51}.Release|Any CPU.Build.0 = Release|Any CPU
		{0201B6C7-C39E-42E7-92BD-8F1E79E6DE51}.Release|x86.ActiveCfg = Release|Any CPU
		{0201B6C7-C39E-42E7-92BD-8F1E79E6DE51}.Release|x86.Build.0 = Release|Any CPU
		{9BA32A7B-BA01-44BA-B28F-0A4D56C21631}.Debug|Any CPU.ActiveCfg = Debug|Any CPU
		{9BA32A7B-BA01-44BA-B28F-0A4D56C21631}.Debug|Any CPU.Build.0 = Debug|Any CPU
		{9BA32A7B-BA01-44BA-B28F-0A4D56C21631}.Debug|x86.ActiveCfg = Debug|Any CPU
		{9BA32A7B-BA01-44BA-B28F-0A4D56C21631}.Debug|x86.Build.0 = Debug|Any CPU
		{9BA32A7B-BA01-44BA-B28F-0A4D56C21631}.Release|Any CPU.ActiveCfg = Release|Any CPU
		{9BA32A7B-BA01-44BA-B28F-0A4D56C21631}.Release|Any CPU.Build.0 = Release|Any CPU
		{9BA32A7B-BA01-44BA-B28F-0A4D56C21631}.Release|x86.ActiveCfg = Release|Any CPU
		{9BA32A7B-BA01-44BA-B28F-0A4D56C21631}.Release|x86.Build.0 = Release|Any CPU
		{C9B0B3CB-EAF6-494D-ABA9-0D4E4A45B5C5}.Debug|Any CPU.ActiveCfg = Debug|Any CPU
		{C9B0B3CB-EAF6-494D-ABA9-0D4E4A45B5C5}.Debug|Any CPU.Build.0 = Debug|Any CPU
		{C9B0B3CB-EAF6-494D-ABA9-0D4E4A45B5C5}.Debug|x86.ActiveCfg = Debug|Any CPU
		{C9B0B3CB-EAF6-494D-ABA9-0D4E4A45B5C5}.Debug|x86.Build.0 = Debug|Any CPU
		{C9B0B3CB-EAF6-494D-ABA9-0D4E4A45B5C5}.Release|Any CPU.ActiveCfg = Release|Any CPU
		{C9B0B3CB-EAF6-494D-ABA9-0D4E4A45B5C5}.Release|Any CPU.Build.0 = Release|Any CPU
		{C9B0B3CB-EAF6-494D-ABA9-0D4E4A45B5C5}.Release|x86.ActiveCfg = Release|Any CPU
		{C9B0B3CB-EAF6-494D-ABA9-0D4E4A45B5C5}.Release|x86.Build.0 = Release|Any CPU
		{D5EE0B3D-E081-43C5-92F0-621B02EB3E2B}.Debug|Any CPU.ActiveCfg = Debug|Any CPU
		{D5EE0B3D-E081-43C5-92F0-621B02EB3E2B}.Debug|Any CPU.Build.0 = Debug|Any CPU
		{D5EE0B3D-E081-43C5-92F0-621B02EB3E2B}.Debug|x86.ActiveCfg = Debug|Any CPU
		{D5EE0B3D-E081-43C5-92F0-621B02EB3E2B}.Debug|x86.Build.0 = Debug|Any CPU
		{D5EE0B3D-E081-43C5-92F0-621B02EB3E2B}.Release|Any CPU.ActiveCfg = Release|Any CPU
		{D5EE0B3D-E081-43C5-92F0-621B02EB3E2B}.Release|Any CPU.Build.0 = Release|Any CPU
		{D5EE0B3D-E081-43C5-92F0-621B02EB3E2B}.Release|x86.ActiveCfg = Release|Any CPU
		{D5EE0B3D-E081-43C5-92F0-621B02EB3E2B}.Release|x86.Build.0 = Release|Any CPU
		{63DE386B-4B98-4B1C-BD82-10D7F2E9ECDA}.Debug|Any CPU.ActiveCfg = Debug|Any CPU
		{63DE386B-4B98-4B1C-BD82-10D7F2E9ECDA}.Debug|Any CPU.Build.0 = Debug|Any CPU
		{63DE386B-4B98-4B1C-BD82-10D7F2E9ECDA}.Debug|x86.ActiveCfg = Debug|Any CPU
		{63DE386B-4B98-4B1C-BD82-10D7F2E9ECDA}.Debug|x86.Build.0 = Debug|Any CPU
		{63DE386B-4B98-4B1C-BD82-10D7F2E9ECDA}.Release|Any CPU.ActiveCfg = Release|Any CPU
		{63DE386B-4B98-4B1C-BD82-10D7F2E9ECDA}.Release|Any CPU.Build.0 = Release|Any CPU
		{63DE386B-4B98-4B1C-BD82-10D7F2E9ECDA}.Release|x86.ActiveCfg = Release|Any CPU
		{63DE386B-4B98-4B1C-BD82-10D7F2E9ECDA}.Release|x86.Build.0 = Release|Any CPU
	EndGlobalSection
	GlobalSection(SolutionProperties) = preSolution
		HideSolutionNode = FALSE
	EndGlobalSection
	GlobalSection(NestedProjects) = preSolution
		{5E459A85-669C-408D-85F1-D99427D34C6B} = {48BDA680-5D15-4630-9339-5F5479E963E1}
		{570FE212-8E83-4D1B-AEA9-06BDE6F34773} = {48BDA680-5D15-4630-9339-5F5479E963E1}
		{F3EE037C-8D18-477B-A39A-4DE71F46F992} = {48BDA680-5D15-4630-9339-5F5479E963E1}
		{04E2E55B-EACE-4965-AE70-1709868EB4CC} = {48BDA680-5D15-4630-9339-5F5479E963E1}
		{2158C1EC-17DF-4E90-B28E-C3C9CE8109EE} = {3CD5034A-21A3-4BAF-81C2-D426670DE5E5}
		{1618334C-598C-4923-9D68-7FA12759A227} = {3CD5034A-21A3-4BAF-81C2-D426670DE5E5}
		{C4608B78-5B73-4EC3-97BC-1BE36AD3B4BE} = {8C1854FF-A955-4506-8EB2-F37A589D3162}
		{86564648-CF5C-49CB-BAFD-B3B91DF43687} = {8C1854FF-A955-4506-8EB2-F37A589D3162}
		{0C9AE63B-ED13-4498-A32D-77CAC6845625} = {8C1854FF-A955-4506-8EB2-F37A589D3162}
		{584ED556-9A74-45C2-8E4E-9D3A4A9E77C8} = {8C1854FF-A955-4506-8EB2-F37A589D3162}
		{D180164E-16C8-4290-BEC0-3B29ECF8F3CC} = {8C1854FF-A955-4506-8EB2-F37A589D3162}
		{98F62D7E-C4C0-43AE-864F-D758E9164617} = {6443653A-B537-42EB-8415-17D526314C85}
		{36CBB05C-342F-434B-B7B9-A43229EC5115} = {6443653A-B537-42EB-8415-17D526314C85}
		{81E06C7D-DB8E-4B7F-9AFA-F67A2BD995AB} = {6443653A-B537-42EB-8415-17D526314C85}
		{BFB86E35-6054-423C-8748-D86B7FEB0F75} = {6443653A-B537-42EB-8415-17D526314C85}
		{1FEE05DD-2B3B-413E-A9D4-3B94EBED7C10} = {6443653A-B537-42EB-8415-17D526314C85}
		{A8582F60-284D-4493-9E2F-A8DF2434C4B3} = {6443653A-B537-42EB-8415-17D526314C85}
		{DA78BC5C-8E5A-48CE-BC02-97EDCE631AD8} = {6443653A-B537-42EB-8415-17D526314C85}
		{9B914235-0E40-488B-B5F1-103F6CC02E6F} = {6443653A-B537-42EB-8415-17D526314C85}
		{413CD2ED-0A06-4AB1-A45F-9220B3D50762} = {6443653A-B537-42EB-8415-17D526314C85}
		{6A212D8C-8348-4235-9E24-C145D43463C0} = {C2512EB2-C8C6-4A23-99ED-1FFFE44C2FF6}
		{2DDE7B81-6F74-4953-BCCB-1027283FB650} = {5B129FE0-C170-47B8-9555-6B66127FF781}
		{192C4BA5-C564-4BA4-87F4-211F54A22785} = {5B129FE0-C170-47B8-9555-6B66127FF781}
		{417FE74D-32DA-4A04-8B59-1E923A00729C} = {5B129FE0-C170-47B8-9555-6B66127FF781}
		{BEF58EB1-E7FD-42CD-802C-B3C4D0868B37} = {441A64FE-7160-46B4-ABED-F3A05B737759}
		{6794DC8B-5549-4094-9639-9F54B1666AFF} = {F9BA03B3-7EE4-45E6-961A-D56767B5EEB9}
		{B23162E4-9093-49FA-848C-6C69BC2C5EFF} = {F9BA03B3-7EE4-45E6-961A-D56767B5EEB9}
		{27EEABF0-CA2F-4EEA-9240-4F675B37DB46} = {F9BA03B3-7EE4-45E6-961A-D56767B5EEB9}
		{D5EE0B3D-E081-43C5-92F0-621B02EB3E2B} = {DE9CAC19-0AD2-4566-A0C5-82C705FC4456}
		{63DE386B-4B98-4B1C-BD82-10D7F2E9ECDA} = {DE9CAC19-0AD2-4566-A0C5-82C705FC4456}
	EndGlobalSection
EndGlobal
